
Microsoft Visual Studio Solution File, Format Version 12.00
# Visual Studio Version 16
VisualStudioVersion = 16.0.29102.190
MinimumVisualStudioVersion = 10.0.40219.1
Project("{2150E333-8FDC-42A3-9474-1A3956D46DE8}") = "DB", "DB", "{F27AA441-8A6A-4B76-AEB6-07A3310A0442}"
EndProject
Project("{2150E333-8FDC-42A3-9474-1A3956D46DE8}") = "Web", "Web", "{DA59E2BA-2364-46E4-8084-A9067323A636}"
EndProject
Project("{9A19103F-16F7-4668-BE54-9A1E7A4F7556}") = "AwesomeDotNetCore", "AwesomeDotNetCore.Web\AwesomeDotNetCore.csproj", "{821EE248-FE45-4C80-B86C-E2889DD0AA92}"
EndProject
Project("{2150E333-8FDC-42A3-9474-1A3956D46DE8}") = "Solution Items", "Solution Items", "{7ADC4E3E-7EB1-4333-9B28-B42849C1968A}"
	ProjectSection(SolutionItems) = preProject
		.gitattributes = .gitattributes
		.gitignore = .gitignore
		README.md = README.md
	EndProjectSection
EndProject
Project("{2150E333-8FDC-42A3-9474-1A3956D46DE8}") = "Data", "Data", "{FE98EF1D-05C0-41C8-B24C-FBACD668C2A3}"
EndProject
Project("{9A19103F-16F7-4668-BE54-9A1E7A4F7556}") = "AwesomeDotNetCore.Data", "AwesomeDotNetCore.Data\AwesomeDotNetCore.Data.csproj", "{C77BDAAF-C529-4898-BC45-031BB364B609}"
EndProject
Global
	GlobalSection(SolutionConfigurationPlatforms) = preSolution
		Debug|Any CPU = Debug|Any CPU
		Release|Any CPU = Release|Any CPU
	EndGlobalSection
	GlobalSection(ProjectConfigurationPlatforms) = postSolution
		{821EE248-FE45-4C80-B86C-E2889DD0AA92}.Debug|Any CPU.ActiveCfg = Debug|Any CPU
		{821EE248-FE45-4C80-B86C-E2889DD0AA92}.Debug|Any CPU.Build.0 = Debug|Any CPU
		{821EE248-FE45-4C80-B86C-E2889DD0AA92}.Release|Any CPU.ActiveCfg = Release|Any CPU
		{821EE248-FE45-4C80-B86C-E2889DD0AA92}.Release|Any CPU.Build.0 = Release|Any CPU
		{C77BDAAF-C529-4898-BC45-031BB364B609}.Debug|Any CPU.ActiveCfg = Debug|Any CPU
		{C77BDAAF-C529-4898-BC45-031BB364B609}.Debug|Any CPU.Build.0 = Debug|Any CPU
		{C77BDAAF-C529-4898-BC45-031BB364B609}.Release|Any CPU.ActiveCfg = Release|Any CPU
		{C77BDAAF-C529-4898-BC45-031BB364B609}.Release|Any CPU.Build.0 = Release|Any CPU
	EndGlobalSection
	GlobalSection(SolutionProperties) = preSolution
		HideSolutionNode = FALSE
	EndGlobalSection
	GlobalSection(NestedProjects) = preSolution
		{821EE248-FE45-4C80-B86C-E2889DD0AA92} = {DA59E2BA-2364-46E4-8084-A9067323A636}
		{C77BDAAF-C529-4898-BC45-031BB364B609} = {FE98EF1D-05C0-41C8-B24C-FBACD668C2A3}
	EndGlobalSection
	GlobalSection(ExtensibilityGlobals) = postSolution
		SolutionGuid = {224EABCA-4120-4274-BBB9-898D3D47FBEF}
	EndGlobalSection
EndGlobal
